{
  "name": "multivite-registry",
  "version": "1.0.0",
  "lockfileVersion": 2,
  "requires": true,
  "packages": {
    "": {
      "name": "multivite-registry",
      "version": "1.0.0",
      "license": "ISC",
      "dependencies": {
        "lodash": "../_core/node_modules/lodash",
        "moment": "../_core/node_modules/moment"
      },
      "devDependencies": {
        "@types/lodash": "../_core/node_modules/@types/lodash",
        "@typescript-eslint/eslint-plugin": "../_core/node_modules/@typescript-eslint/eslint-plugin",
        "@typescript-eslint/parser": "../_core/node_modules/@typescript-eslint/parser",
        "eslint": "../_core/node_modules/eslint",
        "eslint-config-prettier": "../_core/node_modules/eslint-config-prettier",
        "eslint-plugin-prettier": "../_core/node_modules/eslint-plugin-prettier",
        "prettier": "../_core/node_modules/prettier",
        "typescript": "^4.3.2"
      }
    },
    "../_core/node_modules/@types/lodash": {
      "version": "4.14.170",
      "dev": true,
      "license": "MIT"
    },
    "../_core/node_modules/@typescript-eslint/eslint-plugin": {
      "version": "4.26.0",
      "dev": true,
      "license": "MIT",
      "dependencies": {
        "@typescript-eslint/experimental-utils": "4.26.0",
        "@typescript-eslint/scope-manager": "4.26.0",
        "debug": "^4.3.1",
        "functional-red-black-tree": "^1.0.1",
        "lodash": "^4.17.21",
        "regexpp": "^3.1.0",
        "semver": "^7.3.5",
        "tsutils": "^3.21.0"
      },
      "devDependencies": {
        "@types/debug": "*",
        "@types/marked": "*",
        "@types/prettier": "*",
        "chalk": "^4.1.1",
        "marked": "^2.0.6",
        "prettier": "*",
        "typescript": "*"
      },
      "engines": {
        "node": "^10.12.0 || >=12.0.0"
      },
      "funding": {
        "type": "opencollective",
        "url": "https://opencollective.com/typescript-eslint"
      },
      "peerDependencies": {
        "@typescript-eslint/parser": "^4.0.0",
        "eslint": "^5.0.0 || ^6.0.0 || ^7.0.0"
      },
      "peerDependenciesMeta": {
        "typescript": {
          "optional": true
        }
      }
    },
    "../_core/node_modules/@typescript-eslint/parser": {
      "version": "4.26.0",
      "dev": true,
      "license": "BSD-2-Clause",
      "dependencies": {
        "@typescript-eslint/scope-manager": "4.26.0",
        "@typescript-eslint/types": "4.26.0",
        "@typescript-eslint/typescript-estree": "4.26.0",
        "debug": "^4.3.1"
      },
      "devDependencies": {
        "@types/glob": "*",
        "@typescript-eslint/experimental-utils": "4.26.0",
        "glob": "*",
        "typescript": "*"
      },
      "engines": {
        "node": "^10.12.0 || >=12.0.0"
      },
      "funding": {
        "type": "opencollective",
        "url": "https://opencollective.com/typescript-eslint"
      },
      "peerDependencies": {
        "eslint": "^5.0.0 || ^6.0.0 || ^7.0.0"
      },
      "peerDependenciesMeta": {
        "typescript": {
          "optional": true
        }
      }
    },
    "../_core/node_modules/eslint": {
      "version": "7.27.0",
      "dev": true,
      "license": "MIT",
      "dependencies": {
        "@babel/code-frame": "7.12.11",
        "@eslint/eslintrc": "^0.4.1",
        "ajv": "^6.10.0",
        "chalk": "^4.0.0",
        "cross-spawn": "^7.0.2",
        "debug": "^4.0.1",
        "doctrine": "^3.0.0",
        "enquirer": "^2.3.5",
        "escape-string-regexp": "^4.0.0",
        "eslint-scope": "^5.1.1",
        "eslint-utils": "^2.1.0",
        "eslint-visitor-keys": "^2.0.0",
        "espree": "^7.3.1",
        "esquery": "^1.4.0",
        "esutils": "^2.0.2",
        "fast-deep-equal": "^3.1.3",
        "file-entry-cache": "^6.0.1",
        "functional-red-black-tree": "^1.0.1",
        "glob-parent": "^5.0.0",
        "globals": "^13.6.0",
        "ignore": "^4.0.6",
        "import-fresh": "^3.0.0",
        "imurmurhash": "^0.1.4",
        "is-glob": "^4.0.0",
        "js-yaml": "^3.13.1",
        "json-stable-stringify-without-jsonify": "^1.0.1",
        "levn": "^0.4.1",
        "lodash.merge": "^4.6.2",
        "minimatch": "^3.0.4",
        "natural-compare": "^1.4.0",
        "optionator": "^0.9.1",
        "progress": "^2.0.0",
        "regexpp": "^3.1.0",
        "semver": "^7.2.1",
        "strip-ansi": "^6.0.0",
        "strip-json-comments": "^3.1.0",
        "table": "^6.0.9",
        "text-table": "^0.2.0",
        "v8-compile-cache": "^2.0.3"
      },
      "bin": {
        "eslint": "bin/eslint.js"
      },
      "devDependencies": {
        "@babel/core": "^7.4.3",
        "@babel/preset-env": "^7.4.3",
        "babel-loader": "^8.0.5",
        "chai": "^4.0.1",
        "cheerio": "^0.22.0",
        "common-tags": "^1.8.0",
        "core-js": "^3.1.3",
        "dateformat": "^3.0.3",
        "ejs": "^3.0.2",
        "eslint": "file:.",
        "eslint-config-eslint": "file:packages/eslint-config-eslint",
        "eslint-plugin-eslint-plugin": "^2.2.1",
        "eslint-plugin-internal-rules": "file:tools/internal-rules",
        "eslint-plugin-jsdoc": "^25.4.3",
        "eslint-plugin-node": "^11.1.0",
        "eslint-release": "^2.0.0",
        "eslump": "^3.0.0",
        "esprima": "^4.0.1",
        "fs-teardown": "^0.1.0",
        "glob": "^7.1.6",
        "jsdoc": "^3.5.5",
        "karma": "^6.1.1",
        "karma-chrome-launcher": "^3.1.0",
        "karma-mocha": "^2.0.1",
        "karma-mocha-reporter": "^2.2.5",
        "karma-webpack": "^5.0.0",
        "lint-staged": "^10.1.2",
        "load-perf": "^0.2.0",
        "markdownlint": "^0.19.0",
        "markdownlint-cli": "^0.22.0",
        "memfs": "^3.0.1",
        "mocha": "^8.3.2",
        "mocha-junit-reporter": "^2.0.0",
        "node-polyfill-webpack-plugin": "^1.0.3",
        "npm-license": "^0.3.3",
        "nyc": "^15.0.1",
        "proxyquire": "^2.0.1",
        "puppeteer": "^7.1.0",
        "recast": "^0.19.0",
        "regenerator-runtime": "^0.13.2",
        "shelljs": "^0.8.2",
        "sinon": "^9.0.1",
        "temp": "^0.9.0",
        "webpack": "^5.23.0",
        "webpack-cli": "^4.5.0",
        "yorkie": "^2.0.0"
      },
      "engines": {
        "node": "^10.12.0 || >=12.0.0"
      },
      "funding": {
        "url": "https://opencollective.com/eslint"
      }
    },
    "../_core/node_modules/eslint-config-prettier": {
      "version": "8.3.0",
      "dev": true,
      "license": "MIT",
      "bin": {
        "eslint-config-prettier": "bin/cli.js"
      },
      "peerDependencies": {
        "eslint": ">=7.0.0"
      }
    },
    "../_core/node_modules/eslint-plugin-prettier": {
      "version": "3.4.0",
      "dev": true,
      "license": "MIT",
      "dependencies": {
        "prettier-linter-helpers": "^1.0.0"
      },
      "devDependencies": {
        "@not-an-aardvark/node-release-script": "^0.1.0",
        "eslint": "^7.0.0",
        "eslint-config-not-an-aardvark": "^2.1.0",
        "eslint-config-prettier": "^6.0.0",
        "eslint-plugin-eslint-plugin": "^2.0.0",
        "eslint-plugin-node": "^8.0.0",
        "eslint-plugin-self": "^1.1.0",
        "mocha": "^6.0.0",
        "prettier": "^1.15.3",
        "vue-eslint-parser": "^6.0.0"
      },
      "engines": {
        "node": ">=6.0.0"
      },
      "peerDependencies": {
        "eslint": ">=5.0.0",
        "prettier": ">=1.13.0"
      },
      "peerDependenciesMeta": {
        "eslint-config-prettier": {
          "optional": true
        }
      }
    },
    "../_core/node_modules/lodash": {
      "version": "4.17.21",
      "license": "MIT"
    },
    "../_core/node_modules/moment": {
      "version": "2.29.1",
      "license": "MIT",
      "devDependencies": {
        "benchmark": "latest",
        "coveralls": "latest",
        "cross-env": "^6.0.3",
        "es6-promise": "latest",
        "eslint": "~6",
        "grunt": "latest",
        "grunt-benchmark": "latest",
        "grunt-cli": "latest",
        "grunt-contrib-clean": "latest",
        "grunt-contrib-concat": "latest",
        "grunt-contrib-copy": "latest",
        "grunt-contrib-uglify": "latest",
        "grunt-contrib-watch": "latest",
        "grunt-env": "latest",
        "grunt-exec": "latest",
        "grunt-karma": "latest",
        "grunt-nuget": "latest",
        "grunt-string-replace": "latest",
        "karma": "latest",
        "karma-chrome-launcher": "latest",
        "karma-firefox-launcher": "latest",
        "karma-qunit": "latest",
        "karma-sauce-launcher": "4.1.4",
        "load-grunt-tasks": "latest",
        "lodash": ">=4.17.19",
        "node-qunit": "latest",
        "nyc": "latest",
        "prettier": "latest",
        "qunit": "^2.10.0",
        "rollup": "2.17.1",
        "typescript": "^1.8.10",
        "typescript3": "npm:typescript@^3.1.6",
        "uglify-js": "latest"
      },
      "engines": {
        "node": "*"
      }
    },
    "../_core/node_modules/prettier": {
      "version": "2.3.0",
      "dev": true,
      "license": "MIT",
      "bin": {
        "prettier": "bin-prettier.js"
      },
      "engines": {
        "node": ">=10.13.0"
      }
    },
    "node_modules/@types/lodash": {
      "resolved": "../_core/node_modules/@types/lodash",
      "link": true
    },
    "node_modules/@typescript-eslint/eslint-plugin": {
      "resolved": "../_core/node_modules/@typescript-eslint/eslint-plugin",
      "link": true
    },
    "node_modules/@typescript-eslint/parser": {
      "resolved": "../_core/node_modules/@typescript-eslint/parser",
      "link": true
    },
    "node_modules/eslint": {
      "resolved": "../_core/node_modules/eslint",
      "link": true
    },
    "node_modules/eslint-config-prettier": {
      "resolved": "../_core/node_modules/eslint-config-prettier",
      "link": true
    },
    "node_modules/eslint-plugin-prettier": {
      "resolved": "../_core/node_modules/eslint-plugin-prettier",
      "link": true
    },
    "node_modules/lodash": {
      "resolved": "../_core/node_modules/lodash",
      "link": true
    },
    "node_modules/moment": {
      "resolved": "../_core/node_modules/moment",
      "link": true
    },
    "node_modules/prettier": {
      "resolved": "../_core/node_modules/prettier",
      "link": true
    },
    "node_modules/typescript": {
      "version": "4.3.2",
      "resolved": "https://registry.npmjs.org/typescript/-/typescript-4.3.2.tgz",
      "integrity": "sha512-zZ4hShnmnoVnAHpVHWpTcxdv7dWP60S2FsydQLV8V5PbS3FifjWFFRiHSWpDJahly88PRyV5teTSLoq4eG7mKw==",
      "dev": true,
      "bin": {
        "tsc": "bin/tsc",
        "tsserver": "bin/tsserver"
      },
      "engines": {
        "node": ">=4.2.0"
      }
    }
  },
  "dependencies": {
    "@types/lodash": {
      "version": "file:../_core/node_modules/@types/lodash"
    },
    "@typescript-eslint/eslint-plugin": {
      "version": "file:../_core/node_modules/@typescript-eslint/eslint-plugin",
      "requires": {
        "@types/debug": "*",
        "@types/marked": "*",
        "@types/prettier": "*",
        "@typescript-eslint/experimental-utils": "4.26.0",
        "@typescript-eslint/scope-manager": "4.26.0",
        "chalk": "^4.1.1",
        "debug": "^4.3.1",
        "functional-red-black-tree": "^1.0.1",
        "lodash": "^4.17.21",
        "marked": "^2.0.6",
        "prettier": "*",
        "regexpp": "^3.1.0",
        "semver": "^7.3.5",
        "tsutils": "^3.21.0",
        "typescript": "*"
      }
    },
    "@typescript-eslint/parser": {
      "version": "file:../_core/node_modules/@typescript-eslint/parser",
      "requires": {
        "@types/glob": "*",
        "@typescript-eslint/experimental-utils": "4.26.0",
        "@typescript-eslint/scope-manager": "4.26.0",
        "@typescript-eslint/types": "4.26.0",
        "@typescript-eslint/typescript-estree": "4.26.0",
        "debug": "^4.3.1",
        "glob": "*",
        "typescript": "*"
      }
    },
    "eslint": {
      "version": "file:../_core/node_modules/eslint",
      "requires": {
        "@babel/code-frame": "7.12.11",
        "@babel/core": "^7.4.3",
        "@babel/preset-env": "^7.4.3",
        "@eslint/eslintrc": "^0.4.1",
        "ajv": "^6.10.0",
        "babel-loader": "^8.0.5",
        "chai": "^4.0.1",
        "chalk": "^4.0.0",
        "cheerio": "^0.22.0",
        "common-tags": "^1.8.0",
        "core-js": "^3.1.3",
        "cross-spawn": "^7.0.2",
        "dateformat": "^3.0.3",
        "debug": "^4.0.1",
        "doctrine": "^3.0.0",
        "ejs": "^3.0.2",
        "enquirer": "^2.3.5",
        "escape-string-regexp": "^4.0.0",
        "eslint": "file:",
        "eslint-config-eslint": "file:packages/eslint-config-eslint",
        "eslint-plugin-eslint-plugin": "^2.2.1",
        "eslint-plugin-internal-rules": "file:tools/internal-rules",
        "eslint-plugin-jsdoc": "^25.4.3",
        "eslint-plugin-node": "^11.1.0",
        "eslint-release": "^2.0.0",
        "eslint-scope": "^5.1.1",
        "eslint-utils": "^2.1.0",
        "eslint-visitor-keys": "^2.0.0",
        "eslump": "^3.0.0",
        "espree": "^7.3.1",
        "esprima": "^4.0.1",
        "esquery": "^1.4.0",
        "esutils": "^2.0.2",
        "fast-deep-equal": "^3.1.3",
        "file-entry-cache": "^6.0.1",
        "fs-teardown": "^0.1.0",
        "functional-red-black-tree": "^1.0.1",
        "glob": "^7.1.6",
        "glob-parent": "^5.0.0",
        "globals": "^13.6.0",
        "ignore": "^4.0.6",
        "import-fresh": "^3.0.0",
        "imurmurhash": "^0.1.4",
        "is-glob": "^4.0.0",
        "js-yaml": "^3.13.1",
        "jsdoc": "^3.5.5",
        "json-stable-stringify-without-jsonify": "^1.0.1",
        "karma": "^6.1.1",
        "karma-chrome-launcher": "^3.1.0",
        "karma-mocha": "^2.0.1",
        "karma-mocha-reporter": "^2.2.5",
        "karma-webpack": "^5.0.0",
        "levn": "^0.4.1",
        "lint-staged": "^10.1.2",
        "load-perf": "^0.2.0",
        "lodash.merge": "^4.6.2",
        "markdownlint": "^0.19.0",
        "markdownlint-cli": "^0.22.0",
        "memfs": "^3.0.1",
        "minimatch": "^3.0.4",
        "mocha": "^8.3.2",
        "mocha-junit-reporter": "^2.0.0",
        "natural-compare": "^1.4.0",
        "node-polyfill-webpack-plugin": "^1.0.3",
        "npm-license": "^0.3.3",
        "nyc": "^15.0.1",
        "optionator": "^0.9.1",
        "progress": "^2.0.0",
        "proxyquire": "^2.0.1",
        "puppeteer": "^7.1.0",
        "recast": "^0.19.0",
        "regenerator-runtime": "^0.13.2",
        "regexpp": "^3.1.0",
        "semver": "^7.2.1",
        "shelljs": "^0.8.2",
        "sinon": "^9.0.1",
        "strip-ansi": "^6.0.0",
        "strip-json-comments": "^3.1.0",
        "table": "^6.0.9",
        "temp": "^0.9.0",
        "text-table": "^0.2.0",
        "v8-compile-cache": "^2.0.3",
        "webpack": "^5.23.0",
        "webpack-cli": "^4.5.0",
        "yorkie": "^2.0.0"
      }
    },
    "eslint-config-prettier": {
      "version": "file:../_core/node_modules/eslint-config-prettier",
      "requires": {}
    },
    "eslint-plugin-prettier": {
      "version": "file:../_core/node_modules/eslint-plugin-prettier",
      "requires": {
        "@not-an-aardvark/node-release-script": "^0.1.0",
        "eslint": "^7.0.0",
        "eslint-config-not-an-aardvark": "^2.1.0",
        "eslint-config-prettier": "^6.0.0",
        "eslint-plugin-eslint-plugin": "^2.0.0",
        "eslint-plugin-node": "^8.0.0",
        "eslint-plugin-self": "^1.1.0",
        "mocha": "^6.0.0",
        "prettier": "^1.15.3",
        "prettier-linter-helpers": "^1.0.0",
        "vue-eslint-parser": "^6.0.0"
      }
    },
    "lodash": {
      "version": "file:../_core/node_modules/lodash"
    },
    "moment": {
      "version": "file:../_core/node_modules/moment",
      "requires": {
        "benchmark": "latest",
        "coveralls": "latest",
        "cross-env": "^6.0.3",
        "es6-promise": "latest",
        "eslint": "~6",
        "grunt": "latest",
        "grunt-benchmark": "latest",
        "grunt-cli": "latest",
        "grunt-contrib-clean": "latest",
        "grunt-contrib-concat": "latest",
        "grunt-contrib-copy": "latest",
        "grunt-contrib-uglify": "latest",
        "grunt-contrib-watch": "latest",
        "grunt-env": "latest",
        "grunt-exec": "latest",
        "grunt-karma": "latest",
        "grunt-nuget": "latest",
        "grunt-string-replace": "latest",
        "karma": "latest",
        "karma-chrome-launcher": "latest",
        "karma-firefox-launcher": "latest",
        "karma-qunit": "latest",
        "karma-sauce-launcher": "4.1.4",
        "load-grunt-tasks": "latest",
        "lodash": ">=4.17.19",
        "node-qunit": "latest",
        "nyc": "latest",
        "prettier": "latest",
        "qunit": "^2.10.0",
        "rollup": "2.17.1",
        "typescript": "^1.8.10",
        "typescript3": "npm:typescript@^3.1.6",
        "uglify-js": "latest"
      }
    },
    "prettier": {
      "version": "file:../_core/node_modules/prettier"
    },
    "typescript": {
      "version": "4.3.2",
      "resolved": "https://registry.npmjs.org/typescript/-/typescript-4.3.2.tgz",
      "integrity": "sha512-zZ4hShnmnoVnAHpVHWpTcxdv7dWP60S2FsydQLV8V5PbS3FifjWFFRiHSWpDJahly88PRyV5teTSLoq4eG7mKw==",
      "dev": true
    }
  }
}
